# THIS IS AN AUTOGENERATED FILE. DO NOT EDIT THIS FILE DIRECTLY.
# yarn lockfile v1


"@vue/composition-api@^1.0.0-rc.1":
  version "1.0.0-rc.1"
  resolved "https://registry.npm.taobao.org/@vue/composition-api/download/@vue/composition-api-1.0.0-rc.1.tgz#d5286bbaffcd1987e56d5e3a9f26bfb6023e7c41"
  integrity sha1-1Shruv/NGYflbV46nya/tgI+fEE=
  dependencies:
    tslib "^2.0.3"

"@vueuse/core@^4.1.1":
  version "4.1.1"
  resolved "https://registry.npm.taobao.org/@vueuse/core/download/@vueuse/core-4.1.1.tgz#9136952bc435dfc42263959bea8dac35965bac43"
  integrity sha1-kTaVK8Q138QiY5Wb6o2sNZZbrEM=
  dependencies:
    "@vueuse/shared" "4.1.1"
    vue-demi latest

"@vueuse/shared@4.1.1":
  version "4.1.1"
  resolved "https://registry.npm.taobao.org/@vueuse/shared/download/@vueuse/shared-4.1.1.tgz#58e4333d5ab45927e25578fad83bc81cecfea475"
  integrity sha1-WOQzPVq0WSfiVXj62DvIHOz+pHU=
  dependencies:
    vue-demi latest

tslib@^2.0.3:
  version "2.1.0"
  resolved "https://registry.npm.taobao.org/tslib/download/tslib-2.1.0.tgz?cache=0&sync_timestamp=1609887539329&other_urls=https%3A%2F%2Fregistry.npm.taobao.org%2Ftslib%2Fdownload%2Ftslib-2.1.0.tgz#da60860f1c2ecaa5703ab7d39bc05b6bf988b97a"
  integrity sha1-2mCGDxwuyqVwOrfTm8Bba/mIuXo=

vue-demi@^0.6.0, vue-demi@latest:
  version "0.6.0"
  resolved "https://registry.npm.taobao.org/vue-demi/download/vue-demi-0.6.0.tgz#e314282f704cb449119b9fd002cbbc0e39f591fe"
  integrity sha1-4xQoL3BMtEkRm5/QAsu8Djn1kf4=
